{
  "nodes": {
    "bcvk-src": {
      "flake": false,
      "locked": {
        "lastModified": 1788217333,
        "narHash": "sha256-BZuTsL1cg6PlETUSxv1D55Rkpeh+CDp7GiGz2Jip6Q0=",
        "owner": "bootc-dev",
        "repo": "bcvk",
        "rev": "b2c597d1d6906bc0da57ba90b83b3f35f2525c6d",
        "type": "github"
      },
      "original": {
        "owner": "bootc-dev",
        "repo": "bcvk",
        "rev": "b2c597d1d6906bc0da57ba90b83b3f35f2525c6d",
        "type": "github"
      }
    },
    "nixpkgs": {
      "locked": {
        "lastModified": 1788179007,
        "narHash": "sha256-hn1oU2rue2SYK8dAr8+WNZWtbsz1S2W5mnHlSEuh3bo=",
        "owner": "NixOS",
        "repo": "nixpkgs",
        "rev": "34ab99075ac4f7e40cf037eef32cb1c360bb85e9",
        "type": "github"
      },
      "original": {
        "owner": "NixOS",
        "ref": "nixos-unstable",
        "repo": "nixpkgs",
        "type": "github"
      }
    },
    "root": {
      "inputs": {
        "bcvk-src": "bcvk-src",
        "nixpkgs": "nixpkgs"
      }
    }
  },
  "root": "root",
  "version": 7
}
